
Microsoft Visual Studio Solution File, Format Version 12.00
# Visual Studio Version 16
VisualStudioVersion = 16.0.30621.155
MinimumVisualStudioVersion = 10.0.40219.1
Project("{FAE04EC0-301F-11D3-BF4B-00C04F79EFBC}") = "Wave", "Wave\Wave.csproj", "{CD285CFE-6B8F-49E1-96E8-E49958665853}"
EndProject
Global
	GlobalSection(SolutionConfigurationPlatforms) = preSolution
		Debug|Any CPU = Debug|Any CPU
		Release|Any CPU = Release|Any CPU
	EndGlobalSection
	GlobalSection(ProjectConfigurationPlatforms) = postSolution
		{CD285CFE-6B8F-49E1-96E8-E49958665853}.Debug|Any CPU.ActiveCfg = Debug|Any CPU
		{CD285CFE-6B8F-49E1-96E8-E49958665853}.Debug|Any CPU.Build.0 = Debug|Any CPU
		{CD285CFE-6B8F-49E1-96E8-E49958665853}.Release|Any CPU.ActiveCfg = Release|Any CPU
		{CD285CFE-6B8F-49E1-96E8-E49958665853}.Release|Any CPU.Build.0 = Release|Any CPU
	EndGlobalSection
	GlobalSection(SolutionProperties) = preSolution
		HideSolutionNode = FALSE
	EndGlobalSection
	GlobalSection(ExtensibilityGlobals) = postSolution
		SolutionGuid = {A4017E5F-2D65-4F48-8839-64F77A56EB3A}
	EndGlobalSection
EndGlobal
